<?xml version="1.0" encoding="utf-8"?>
<Project ToolsVersion="4.0" xmlns="http://schemas.microsoft.com/developer/msbuild/2003">
  <ItemGroup>
    <QtRcc Include="DeviceSelector.qrc" />
    <QtMoc Include="DeviceSelector.h" />
    <ClInclude Include="..\helpers\ServiceHelper.h" />
    <ClInclude Include="..\helpers\ScopeGuard.h" />
    <ClInclude Include="resource.h" />
    <ClInclude Include="stdafx.h" />
    <ClCompile Include="..\helpers\ServiceHelper.cpp" />
    <ClCompile Include="DeviceSelector.cpp" />
    <ClCompile Include="main.cpp" />
    <ClCompile Include="stdafx.cpp" />
    <ResourceCompile Include="DeviceSelector.rc" />
    <Image Include="icons\preferences-system.ico" />
  </ItemGroup>
</Project>
